// !$*UTF8*$!
{
	archiveVersion = 1;
	classes = {
	};
	objectVersion = 50;
	objects = {

/* Begin PBXBuildFile section */
		21504E2C91DAFBD9891239E6 /* MonoBleedingEdge in CopyFiles */ = {isa = PBXBuildFile; fileRef = 0826436E8BFCEA9EF0B71FF0 /* MonoBleedingEdge */; };
		750575B4214B38CE004B1B34 /* UnityPlayer.dylib in Frameworks */ = {isa = PBXBuildFile; fileRef = 750575B3214B38CE004B1B34 /* UnityPlayer.dylib */; };
		750575B5214B3DF2004B1B34 /* UnityPlayer.dylib in Embed Libraries */ = {isa = PBXBuildFile; fileRef = 750575B3214B38CE004B1B34 /* UnityPlayer.dylib */; settings = {ATTRIBUTES = (CodeSignOnCopy, ); }; };
		752CA83E2149E6C400295EFC /* Main.cpp in Sources */ = {isa = PBXBuildFile; fileRef = 752CA83D2149E6C400295EFC /* Main.cpp */; };
		75D2DE1F2175685A0038651C /* unity default resources in Resources */ = {isa = PBXBuildFile; fileRef = 75D2DE1E2175685A0038651C /* unity default resources */; };
		75E7179121715210002B2479 /* DefaultPreferences.plist in Resources */ = {isa = PBXBuildFile; fileRef = 75E7178E21715210002B2479 /* DefaultPreferences.plist */; };
		75E7179221715210002B2479 /* Data in Resources */ = {isa = PBXBuildFile; fileRef = 75E7178F21715210002B2479 /* Data */; };
		75E7179321715210002B2479 /* PlayerIcon.icns in Resources */ = {isa = PBXBuildFile; fileRef = 75E7179021715210002B2479 /* PlayerIcon.icns */; };
		AAF442FC978710D7866852DE /* libmonobdwgc-2.0.dylib in Embed Frameworks */ = {isa = PBXBuildFile; fileRef = B6604E4DAAF8E9BAD46A3984 /* libmonobdwgc-2.0.dylib */; settings = {ATTRIBUTES = (CodeSignOnCopy, RemoveHeadersOnCopy, ); }; };
		C57847BF93ADCCF298DF9D70 /* libMonoPosixHelper.dylib in Embed Frameworks */ = {isa = PBXBuildFile; fileRef = 2F874FA281178D81C862CEA3 /* libMonoPosixHelper.dylib */; settings = {ATTRIBUTES = (CodeSignOnCopy, RemoveHeadersOnCopy, ); }; };
		CDD5792C240E027400DEA632 /* MainMenu.nib in Resources */ = {isa = PBXBuildFile; fileRef = CDD5792B240E027400DEA632 /* MainMenu.nib */; };
/* End PBXBuildFile section */

/* Begin PBXCopyFilesBuildPhase section */
		06C142D096F0C3678AC52558 /* Embed Frameworks */ = {
			isa = PBXCopyFilesBuildPhase;
			buildActionMask = 2147483647;
			dstPath = "";
			dstSubfolderSpec = 10;
			files = (
				AAF442FC978710D7866852DE /* libmonobdwgc-2.0.dylib in Embed Frameworks */,
				C57847BF93ADCCF298DF9D70 /* libMonoPosixHelper.dylib in Embed Frameworks */,
			);
			name = "Embed Frameworks";
			runOnlyForDeploymentPostprocessing = 0;
		};
		56034F868CE4122AD365E02B /* CopyFiles */ = {
			isa = PBXCopyFilesBuildPhase;
			buildActionMask = 2147483647;
			dstPath = Contents;
			dstSubfolderSpec = 1;
			files = (
				21504E2C91DAFBD9891239E6 /* MonoBleedingEdge in CopyFiles */,
			);
			name = CopyFiles;
			runOnlyForDeploymentPostprocessing = 0;
		};
		750575B6214B3DF2004B1B34 /* Embed Libraries */ = {
			isa = PBXCopyFilesBuildPhase;
			buildActionMask = 2147483647;
			dstPath = "";
			dstSubfolderSpec = 10;
			files = (
				750575B5214B3DF2004B1B34 /* UnityPlayer.dylib in Embed Libraries */,
			);
			name = "Embed Libraries";
			runOnlyForDeploymentPostprocessing = 0;
		};
/* End PBXCopyFilesBuildPhase section */

/* Begin PBXFileReference section */
		0826436E8BFCEA9EF0B71FF0 /* MonoBleedingEdge */ = {isa = PBXFileReference; lastKnownFileType = folder; name = MonoBleedingEdge; path = "Clown Party/MonoBleedingEdge"; sourceTree = SOURCE_ROOT; };
		2F874FA281178D81C862CEA3 /* libMonoPosixHelper.dylib */ = {isa = PBXFileReference; lastKnownFileType = "compiled.mach-o.dylib"; name = libMonoPosixHelper.dylib; path = "Clown Party/Frameworks/libMonoPosixHelper.dylib"; sourceTree = SOURCE_ROOT; };
		750575B3214B38CE004B1B34 /* UnityPlayer.dylib */ = {isa = PBXFileReference; lastKnownFileType = "compiled.mach-o.dylib"; name = UnityPlayer.dylib; path = "Clown Party/Frameworks/UnityPlayer.dylib"; sourceTree = "<group>"; };
		752CA8282149E6C100295EFC /* Clown Party.app */ = {isa = PBXFileReference; explicitFileType = wrapper.application; includeInIndex = 0; path = "Clown Party.app"; sourceTree = BUILT_PRODUCTS_DIR; };
		752CA83C2149E6C400295EFC /* Info.plist */ = {isa = PBXFileReference; lastKnownFileType = text.plist.xml; path = Info.plist; sourceTree = "<group>"; };
		752CA83D2149E6C400295EFC /* Main.cpp */ = {isa = PBXFileReference; lastKnownFileType = sourcecode.cpp.cpp; path = Main.cpp; sourceTree = "<group>"; };
		75D2DE1E2175685A0038651C /* unity default resources */ = {isa = PBXFileReference; lastKnownFileType = text; name = "unity default resources"; path = "Clown Party/Resources/unity default resources"; sourceTree = "<group>"; };
		75E7178E21715210002B2479 /* DefaultPreferences.plist */ = {isa = PBXFileReference; fileEncoding = 4; lastKnownFileType = text.plist.xml; name = DefaultPreferences.plist; path = "Clown Party/Resources/DefaultPreferences.plist"; sourceTree = "<group>"; };
		75E7178F21715210002B2479 /* Data */ = {isa = PBXFileReference; lastKnownFileType = folder; name = Data; path = "Clown Party/Resources/Data"; sourceTree = "<group>"; };
		75E7179021715210002B2479 /* PlayerIcon.icns */ = {isa = PBXFileReference; lastKnownFileType = image.icns; name = PlayerIcon.icns; path = "Clown Party/Resources/PlayerIcon.icns"; sourceTree = "<group>"; };
		B4AC1CDB271C362D0056DC3D /* Clown Party.entitlements */ = {isa = PBXFileReference; lastKnownFileType = text.plist.entitlements; path = "Clown Party.entitlements"; sourceTree = "<group>"; };
		B4AC1CDC271C362D0056DC3D /* Clown Party.entitlements */ = {isa = PBXFileReference; lastKnownFileType = text.plist.entitlements; path = "Clown Party.entitlements"; sourceTree = "<group>"; };
		B6604E4DAAF8E9BAD46A3984 /* libmonobdwgc-2.0.dylib */ = {isa = PBXFileReference; lastKnownFileType = "compiled.mach-o.dylib"; name = "libmonobdwgc-2.0.dylib"; path = "Clown Party/Frameworks/libmonobdwgc-2.0.dylib"; sourceTree = SOURCE_ROOT; };
		CDD5792B240E027400DEA632 /* MainMenu.nib */ = {isa = PBXFileReference; lastKnownFileType = wrapper.nib; name = MainMenu.nib; path = "Clown Party/Resources/MainMenu.nib"; sourceTree = "<group>"; };
/* End PBXFileReference section */

/* Begin PBXFrameworksBuildPhase section */
		752CA8252149E6C100295EFC /* Frameworks */ = {
			isa = PBXFrameworksBuildPhase;
			buildActionMask = 2147483647;
			files = (
				750575B4214B38CE004B1B34 /* UnityPlayer.dylib in Frameworks */,
			);
			runOnlyForDeploymentPostprocessing = 0;
		};
/* End PBXFrameworksBuildPhase section */

/* Begin PBXGroup section */
		750575B2214B38CE004B1B34 /* Frameworks */ = {
			isa = PBXGroup;
			children = (
				750575B3214B38CE004B1B34 /* UnityPlayer.dylib */,
			);
			name = Frameworks;
			sourceTree = "<group>";
		};
		752CA81F2149E6C100295EFC = {
			isa = PBXGroup;
			children = (
				75E7179421715230002B2479 /* Resources */,
				750575B2214B38CE004B1B34 /* Frameworks */,
				752CA82A2149E6C100295EFC /* Clown Party */,
				752CA8292149E6C100295EFC /* Products */,
			);
			sourceTree = "<group>";
		};
		752CA8292149E6C100295EFC /* Products */ = {
			isa = PBXGroup;
			children = (
				752CA8282149E6C100295EFC /* Clown Party.app */,
			);
			name = Products;
			sourceTree = "<group>";
		};
		752CA82A2149E6C100295EFC /* Clown Party */ = {
			isa = PBXGroup;
			children = (
				B4AC1CDC271C362D0056DC3D /* Clown Party.entitlements */,
				B4AC1CDB271C362D0056DC3D /* Clown Party.entitlements */,
				752CA83C2149E6C400295EFC /* Info.plist */,
				752CA83D2149E6C400295EFC /* Main.cpp */,
				76BF42078F33941C05DC1772 /* Frameworks */,
				0826436E8BFCEA9EF0B71FF0 /* MonoBleedingEdge */,
			);
			path = "Clown Party";
			sourceTree = "<group>";
		};
		75E7179421715230002B2479 /* Resources */ = {
			isa = PBXGroup;
			children = (
				CDD5792B240E027400DEA632 /* MainMenu.nib */,
				75E7178F21715210002B2479 /* Data */,
				75E7178E21715210002B2479 /* DefaultPreferences.plist */,
				75E7179021715210002B2479 /* PlayerIcon.icns */,
				75D2DE1E2175685A0038651C /* unity default resources */,
			);
			name = Resources;
			sourceTree = "<group>";
		};
		76BF42078F33941C05DC1772 /* Frameworks */ = {
			isa = PBXGroup;
			children = (
				B6604E4DAAF8E9BAD46A3984 /* libmonobdwgc-2.0.dylib */,
				2F874FA281178D81C862CEA3 /* libMonoPosixHelper.dylib */,
			);
			path = Frameworks;
			sourceTree = "<group>";
		};
/* End PBXGroup section */

/* Begin PBXNativeTarget section */
		752CA8272149E6C100295EFC /* Clown Party */ = {
			isa = PBXNativeTarget;
			buildConfigurationList = 752CA8422149E6C400295EFC /* Build configuration list for PBXNativeTarget "Clown Party" */;
			buildPhases = (
				752CA8242149E6C100295EFC /* Sources */,
				752CA8252149E6C100295EFC /* Frameworks */,
				752CA8262149E6C100295EFC /* Resources */,
				750575B6214B3DF2004B1B34 /* Embed Libraries */,
				56034F868CE4122AD365E02B /* CopyFiles */,
				06C142D096F0C3678AC52558 /* Embed Frameworks */,
			);
			buildRules = (
			);
			dependencies = (
			);
			name = "Clown Party";
			productName = "Clown Party";
			productReference = 752CA8282149E6C100295EFC /* Clown Party.app */;
			productType = "com.apple.product-type.application";
		};
/* End PBXNativeTarget section */

/* Begin PBXProject section */
		752CA8202149E6C100295EFC /* Project object */ = {
			isa = PBXProject;
			attributes = {
				LastUpgradeCheck = 0940;
				ORGANIZATIONNAME = "Unity Technologies";
				TargetAttributes = {
					752CA8272149E6C100295EFC = {
						CreatedOnToolsVersion = 9.4.1;
					};
				};
			};
			buildConfigurationList = 752CA8232149E6C100295EFC /* Build configuration list for PBXProject "Clown Party [macOS Build]" */;
			compatibilityVersion = "Xcode 9.3";
			developmentRegion = en;
			hasScannedForEncodings = 0;
			knownRegions = (
				en,
				Base,
			);
			mainGroup = 752CA81F2149E6C100295EFC;
			productRefGroup = 752CA8292149E6C100295EFC /* Products */;
			projectDirPath = "";
			projectRoot = "";
			targets = (
				752CA8272149E6C100295EFC /* Clown Party */,
			);
		};
/* End PBXProject section */

/* Begin PBXResourcesBuildPhase section */
		752CA8262149E6C100295EFC /* Resources */ = {
			isa = PBXResourcesBuildPhase;
			buildActionMask = 2147483647;
			files = (
				75E7179121715210002B2479 /* DefaultPreferences.plist in Resources */,
				CDD5792C240E027400DEA632 /* MainMenu.nib in Resources */,
				75E7179221715210002B2479 /* Data in Resources */,
				75E7179321715210002B2479 /* PlayerIcon.icns in Resources */,
				75D2DE1F2175685A0038651C /* unity default resources in Resources */,
			);
			runOnlyForDeploymentPostprocessing = 0;
		};
/* End PBXResourcesBuildPhase section */

/* Begin PBXSourcesBuildPhase section */
		752CA8242149E6C100295EFC /* Sources */ = {
			isa = PBXSourcesBuildPhase;
			buildActionMask = 2147483647;
			files = (
				752CA83E2149E6C400295EFC /* Main.cpp in Sources */,
			);
			runOnlyForDeploymentPostprocessing = 0;
		};
/* End PBXSourcesBuildPhase section */

/* Begin XCBuildConfiguration section */
		752CA8402149E6C400295EFC /* Debug */ = {
			isa = XCBuildConfiguration;
			buildSettings = {
				ALWAYS_SEARCH_USER_PATHS = NO;
				CLANG_ANALYZER_NONNULL = YES;
				CLANG_ANALYZER_NUMBER_OBJECT_CONVERSION = YES_AGGRESSIVE;
				CLANG_CXX_LANGUAGE_STANDARD = "gnu++14";
				CLANG_CXX_LIBRARY = "libc++";
				CLANG_ENABLE_MODULES = YES;
				CLANG_ENABLE_OBJC_ARC = YES;
				CLANG_ENABLE_OBJC_WEAK = YES;
				CLANG_WARN_BLOCK_CAPTURE_AUTORELEASING = YES;
				CLANG_WARN_BOOL_CONVERSION = YES;
				CLANG_WARN_COMMA = YES;
				CLANG_WARN_CONSTANT_CONVERSION = YES;
				CLANG_WARN_DEPRECATED_OBJC_IMPLEMENTATIONS = YES;
				CLANG_WARN_DIRECT_OBJC_ISA_USAGE = YES_ERROR;
				CLANG_WARN_DOCUMENTATION_COMMENTS = YES;
				CLANG_WARN_EMPTY_BODY = YES;
				CLANG_WARN_ENUM_CONVERSION = YES;
				CLANG_WARN_INFINITE_RECURSION = YES;
				CLANG_WARN_INT_CONVERSION = YES;
				CLANG_WARN_NON_LITERAL_NULL_CONVERSION = YES;
				CLANG_WARN_OBJC_IMPLICIT_RETAIN_SELF = YES;
				CLANG_WARN_OBJC_LITERAL_CONVERSION = YES;
				CLANG_WARN_OBJC_ROOT_CLASS = YES_ERROR;
				CLANG_WARN_RANGE_LOOP_ANALYSIS = YES;
				CLANG_WARN_STRICT_PROTOTYPES = YES;
				CLANG_WARN_SUSPICIOUS_MOVE = YES;
				CLANG_WARN_UNGUARDED_AVAILABILITY = YES_AGGRESSIVE;
				CLANG_WARN_UNREACHABLE_CODE = YES;
				CLANG_WARN__DUPLICATE_METHOD_MATCH = YES;
				COPY_PHASE_STRIP = NO;
				DEBUG_INFORMATION_FORMAT = dwarf;
				ENABLE_STRICT_OBJC_MSGSEND = YES;
				ENABLE_TESTABILITY = YES;
				GCC_C_LANGUAGE_STANDARD = gnu11;
				GCC_DYNAMIC_NO_PIC = NO;
				GCC_NO_COMMON_BLOCKS = YES;
				GCC_OPTIMIZATION_LEVEL = 0;
				GCC_PREPROCESSOR_DEFINITIONS = (
					"DEBUG=1",
					"$(inherited)",
				);
				GCC_WARN_64_TO_32_BIT_CONVERSION = YES;
				GCC_WARN_ABOUT_RETURN_TYPE = YES_ERROR;
				GCC_WARN_UNDECLARED_SELECTOR = YES;
				GCC_WARN_UNINITIALIZED_AUTOS = YES_AGGRESSIVE;
				GCC_WARN_UNUSED_FUNCTION = YES;
				GCC_WARN_UNUSED_VARIABLE = YES;
				MACOSX_DEPLOYMENT_TARGET = 11.0;
				ONLY_ACTIVE_ARCH = NO;
				SDKROOT = macosx;
			};
			name = Debug;
		};
		752CA8412149E6C400295EFC /* Release */ = {
			isa = XCBuildConfiguration;
			buildSettings = {
				ALWAYS_SEARCH_USER_PATHS = NO;
				CLANG_ANALYZER_NONNULL = YES;
				CLANG_ANALYZER_NUMBER_OBJECT_CONVERSION = YES_AGGRESSIVE;
				CLANG_CXX_LANGUAGE_STANDARD = "gnu++14";
				CLANG_CXX_LIBRARY = "libc++";
				CLANG_ENABLE_MODULES = YES;
				CLANG_ENABLE_OBJC_ARC = YES;
				CLANG_ENABLE_OBJC_WEAK = YES;
				CLANG_WARN_BLOCK_CAPTURE_AUTORELEASING = YES;
				CLANG_WARN_BOOL_CONVERSION = YES;
				CLANG_WARN_COMMA = YES;
				CLANG_WARN_CONSTANT_CONVERSION = YES;
				CLANG_WARN_DEPRECATED_OBJC_IMPLEMENTATIONS = YES;
				CLANG_WARN_DIRECT_OBJC_ISA_USAGE = YES_ERROR;
				CLANG_WARN_DOCUMENTATION_COMMENTS = YES;
				CLANG_WARN_EMPTY_BODY = YES;
				CLANG_WARN_ENUM_CONVERSION = YES;
				CLANG_WARN_INFINITE_RECURSION = YES;
				CLANG_WARN_INT_CONVERSION = YES;
				CLANG_WARN_NON_LITERAL_NULL_CONVERSION = YES;
				CLANG_WARN_OBJC_IMPLICIT_RETAIN_SELF = YES;
				CLANG_WARN_OBJC_LITERAL_CONVERSION = YES;
				CLANG_WARN_OBJC_ROOT_CLASS = YES_ERROR;
				CLANG_WARN_RANGE_LOOP_ANALYSIS = YES;
				CLANG_WARN_STRICT_PROTOTYPES = YES;
				CLANG_WARN_SUSPICIOUS_MOVE = YES;
				CLANG_WARN_UNGUARDED_AVAILABILITY = YES_AGGRESSIVE;
				CLANG_WARN_UNREACHABLE_CODE = YES;
				CLANG_WARN__DUPLICATE_METHOD_MATCH = YES;
				COPY_PHASE_STRIP = NO;
				DEBUG_INFORMATION_FORMAT = "dwarf-with-dsym";
				ENABLE_NS_ASSERTIONS = NO;
				ENABLE_STRICT_OBJC_MSGSEND = YES;
				GCC_C_LANGUAGE_STANDARD = gnu11;
				GCC_NO_COMMON_BLOCKS = YES;
				GCC_WARN_64_TO_32_BIT_CONVERSION = YES;
				GCC_WARN_ABOUT_RETURN_TYPE = YES_ERROR;
				GCC_WARN_UNDECLARED_SELECTOR = YES;
				GCC_WARN_UNINITIALIZED_AUTOS = YES_AGGRESSIVE;
				GCC_WARN_UNUSED_FUNCTION = YES;
				GCC_WARN_UNUSED_VARIABLE = YES;
				MACOSX_DEPLOYMENT_TARGET = 11.0;
				SDKROOT = macosx;
			};
			name = Release;
		};
		752CA8432149E6C400295EFC /* Debug */ = {
			isa = XCBuildConfiguration;
			buildSettings = {
				CODE_SIGN_ENTITLEMENTS = "Clown Party/Clown Party.entitlements";
				CODE_SIGN_STYLE = Automatic;
				COMBINE_HIDPI_IMAGES = YES;
				CURRENT_PROJECT_VERSION = 47;
				DEVELOPMENT_TEAM = E2D8MG55MH;
				INFOPLIST_FILE = "Clown Party/Info.plist";
				LD_RUNPATH_SEARCH_PATHS = "@executable_path/Frameworks";
				MACOSX_DEPLOYMENT_TARGET = 11.0;
				PRODUCT_BUNDLE_IDENTIFIER = com.ddec.clownparty;
				PRODUCT_NAME = "$(TARGET_NAME)";
				VALID_ARCHS = "arm64 x86_64";
			};
			name = Debug;
		};
		752CA8442149E6C400295EFC /* Release */ = {
			isa = XCBuildConfiguration;
			buildSettings = {
				CODE_SIGN_ENTITLEMENTS = "Clown Party/Clown Party.entitlements";
				CODE_SIGN_STYLE = Automatic;
				COMBINE_HIDPI_IMAGES = YES;
				CURRENT_PROJECT_VERSION = 47;
				DEVELOPMENT_TEAM = E2D8MG55MH;
				INFOPLIST_FILE = "Clown Party/Info.plist";
				LD_RUNPATH_SEARCH_PATHS = "@executable_path/Frameworks";
				MACOSX_DEPLOYMENT_TARGET = 11.0;
				PRODUCT_BUNDLE_IDENTIFIER = com.ddec.clownparty;
				PRODUCT_NAME = "$(TARGET_NAME)";
				VALID_ARCHS = "arm64 x86_64";
			};
			name = Release;
		};
/* End XCBuildConfiguration section */

/* Begin XCConfigurationList section */
		752CA8232149E6C100295EFC /* Build configuration list for PBXProject "Clown Party [macOS Build]" */ = {
			isa = XCConfigurationList;
			buildConfigurations = (
				752CA8402149E6C400295EFC /* Debug */,
				752CA8412149E6C400295EFC /* Release */,
			);
			defaultConfigurationIsVisible = 0;
			defaultConfigurationName = Release;
		};
		752CA8422149E6C400295EFC /* Build configuration list for PBXNativeTarget "Clown Party" */ = {
			isa = XCConfigurationList;
			buildConfigurations = (
				752CA8432149E6C400295EFC /* Debug */,
				752CA8442149E6C400295EFC /* Release */,
			);
			defaultConfigurationIsVisible = 0;
			defaultConfigurationName = Release;
		};
/* End XCConfigurationList section */
	};
	rootObject = 752CA8202149E6C100295EFC /* Project object */;
}
